// !$*UTF8*$!
{
	archiveVersion = 1;
	classes = {
	};
	objectVersion = 56;
	objects = {

/* Begin PBXBuildFile section */
		273290432AB6A2E9005B9EE9 /* UserViewModel.swift in Sources */ = {isa = PBXBuildFile; fileRef = 273290422AB6A2E9005B9EE9 /* UserViewModel.swift */; };
		273F62982AB4A5690059CC09 /* ProfileView.swift in Sources */ = {isa = PBXBuildFile; fileRef = 273F62972AB4A5690059CC09 /* ProfileView.swift */; };
		273F629A2AB4B9330059CC09 /* LoginView.swift in Sources */ = {isa = PBXBuildFile; fileRef = 273F62992AB4B9330059CC09 /* LoginView.swift */; };
		275530502ABAB1B6000B5999 /* ResetPasswordSheet.swift in Sources */ = {isa = PBXBuildFile; fileRef = 2755304F2ABAB1B6000B5999 /* ResetPasswordSheet.swift */; };
		275530532ABAE268000B5999 /* LoginViewModel.swift in Sources */ = {isa = PBXBuildFile; fileRef = 275530522ABAE268000B5999 /* LoginViewModel.swift */; };
		275530552ABAE2E0000B5999 /* SignUpViewModel.swift in Sources */ = {isa = PBXBuildFile; fileRef = 275530542ABAE2E0000B5999 /* SignUpViewModel.swift */; };
		278193582ABDE93D00DB2FE2 /* ImagePicker.swift in Sources */ = {isa = PBXBuildFile; fileRef = 278193572ABDE93D00DB2FE2 /* ImagePicker.swift */; };
		2781935B2ABDEC5B00DB2FE2 /* FirebaseStorage in Frameworks */ = {isa = PBXBuildFile; productRef = 2781935A2ABDEC5B00DB2FE2 /* FirebaseStorage */; };
		27B183582AB5A58A00E7E00A /* CustomTabBar.swift in Sources */ = {isa = PBXBuildFile; fileRef = 27B183572AB5A58A00E7E00A /* CustomTabBar.swift */; };
		27B1835C2AB5A6B900E7E00A /* DictionaryModel.swift in Sources */ = {isa = PBXBuildFile; fileRef = 27B1835B2AB5A6B900E7E00A /* DictionaryModel.swift */; };
		27B1835E2AB5A6DE00E7E00A /* DictionaryView.swift in Sources */ = {isa = PBXBuildFile; fileRef = 27B1835D2AB5A6DE00E7E00A /* DictionaryView.swift */; };
		27B183602AB5A84100E7E00A /* DictionaryViewModel.swift in Sources */ = {isa = PBXBuildFile; fileRef = 27B1835F2AB5A84100E7E00A /* DictionaryViewModel.swift */; };
		27B183622AB5A86900E7E00A /* SplashScreenView.swift in Sources */ = {isa = PBXBuildFile; fileRef = 27B183612AB5A86900E7E00A /* SplashScreenView.swift */; };
		27B183642AB5BE9400E7E00A /* UserModel.swift in Sources */ = {isa = PBXBuildFile; fileRef = 27B183632AB5BE9400E7E00A /* UserModel.swift */; };
		27C009AC2AADB4E30053BF6A /* SignUpView.swift in Sources */ = {isa = PBXBuildFile; fileRef = 27C009AB2AADB4E30053BF6A /* SignUpView.swift */; };
		27C009AF2AADBEC80053BF6A /* FirebaseAuth in Frameworks */ = {isa = PBXBuildFile; productRef = 27C009AE2AADBEC80053BF6A /* FirebaseAuth */; };
		27C009B12AADBEC80053BF6A /* FirebaseFirestore in Frameworks */ = {isa = PBXBuildFile; productRef = 27C009B02AADBEC80053BF6A /* FirebaseFirestore */; };
		27C009B32AADC27D0053BF6A /* GoogleService-Info.plist in Resources */ = {isa = PBXBuildFile; fileRef = 27C009B22AADC27D0053BF6A /* GoogleService-Info.plist */; };
		27D213472AAC15B500E91149 /* Dictionary23amApp.swift in Sources */ = {isa = PBXBuildFile; fileRef = 27D213462AAC15B500E91149 /* Dictionary23amApp.swift */; };
		27D213492AAC15B500E91149 /* ContentView.swift in Sources */ = {isa = PBXBuildFile; fileRef = 27D213482AAC15B500E91149 /* ContentView.swift */; };
		27D2134B2AAC15B600E91149 /* Assets.xcassets in Resources */ = {isa = PBXBuildFile; fileRef = 27D2134A2AAC15B600E91149 /* Assets.xcassets */; };
		27D2134E2AAC15B600E91149 /* Preview Assets.xcassets in Resources */ = {isa = PBXBuildFile; fileRef = 27D2134D2AAC15B600E91149 /* Preview Assets.xcassets */; };
		27F2DF8A2AB82EF60061E8E0 /* EditProfileSheet.swift in Sources */ = {isa = PBXBuildFile; fileRef = 27F2DF892AB82EF60061E8E0 /* EditProfileSheet.swift */; };
		27F2DF8C2AB859A40061E8E0 /* AddNoteView.swift in Sources */ = {isa = PBXBuildFile; fileRef = 27F2DF8B2AB859A40061E8E0 /* AddNoteView.swift */; };
		27F2DF8E2AB859D60061E8E0 /* NoteDetailView.swift in Sources */ = {isa = PBXBuildFile; fileRef = 27F2DF8D2AB859D60061E8E0 /* NoteDetailView.swift */; };
		27F2DF922AB85A190061E8E0 /* NoteDetailViewModel.swift in Sources */ = {isa = PBXBuildFile; fileRef = 27F2DF912AB85A190061E8E0 /* NoteDetailViewModel.swift */; };
		27F2DF942AB85A320061E8E0 /* NoteListView.swift in Sources */ = {isa = PBXBuildFile; fileRef = 27F2DF932AB85A320061E8E0 /* NoteListView.swift */; };
		27F2DF962AB85A7E0061E8E0 /* NoteListViewModel.swift in Sources */ = {isa = PBXBuildFile; fileRef = 27F2DF952AB85A7E0061E8E0 /* NoteListViewModel.swift */; };
		27F2DF982AB85A900061E8E0 /* NoteModel.swift in Sources */ = {isa = PBXBuildFile; fileRef = 27F2DF972AB85A900061E8E0 /* NoteModel.swift */; };
		27F2DF9A2AB85AA40061E8E0 /* NoteRowView.swift in Sources */ = {isa = PBXBuildFile; fileRef = 27F2DF992AB85AA40061E8E0 /* NoteRowView.swift */; };
		27F2DF9C2AB85ABB0061E8E0 /* NoteStatus.swift in Sources */ = {isa = PBXBuildFile; fileRef = 27F2DF9B2AB85ABB0061E8E0 /* NoteStatus.swift */; };
		27F2DF9E2AB85ADD0061E8E0 /* ViewModel.swift in Sources */ = {isa = PBXBuildFile; fileRef = 27F2DF9D2AB85ADD0061E8E0 /* ViewModel.swift */; };
/* End PBXBuildFile section */

/* Begin PBXFileReference section */
		273290422AB6A2E9005B9EE9 /* UserViewModel.swift */ = {isa = PBXFileReference; lastKnownFileType = sourcecode.swift; path = UserViewModel.swift; sourceTree = "<group>"; };
		273F62972AB4A5690059CC09 /* ProfileView.swift */ = {isa = PBXFileReference; lastKnownFileType = sourcecode.swift; path = ProfileView.swift; sourceTree = "<group>"; };
		273F62992AB4B9330059CC09 /* LoginView.swift */ = {isa = PBXFileReference; lastKnownFileType = sourcecode.swift; path = LoginView.swift; sourceTree = "<group>"; };
		2755304F2ABAB1B6000B5999 /* ResetPasswordSheet.swift */ = {isa = PBXFileReference; lastKnownFileType = sourcecode.swift; path = ResetPasswordSheet.swift; sourceTree = "<group>"; };
		275530512ABADD91000B5999 /* Info.plist */ = {isa = PBXFileReference; lastKnownFileType = text.plist; path = Info.plist; sourceTree = "<group>"; };
		275530522ABAE268000B5999 /* LoginViewModel.swift */ = {isa = PBXFileReference; lastKnownFileType = sourcecode.swift; path = LoginViewModel.swift; sourceTree = "<group>"; };
		275530542ABAE2E0000B5999 /* SignUpViewModel.swift */ = {isa = PBXFileReference; lastKnownFileType = sourcecode.swift; path = SignUpViewModel.swift; sourceTree = "<group>"; };
		278193572ABDE93D00DB2FE2 /* ImagePicker.swift */ = {isa = PBXFileReference; lastKnownFileType = sourcecode.swift; path = ImagePicker.swift; sourceTree = "<group>"; };
		27B183572AB5A58A00E7E00A /* CustomTabBar.swift */ = {isa = PBXFileReference; lastKnownFileType = sourcecode.swift; path = CustomTabBar.swift; sourceTree = "<group>"; };
		27B1835B2AB5A6B900E7E00A /* DictionaryModel.swift */ = {isa = PBXFileReference; lastKnownFileType = sourcecode.swift; path = DictionaryModel.swift; sourceTree = "<group>"; };
		27B1835D2AB5A6DE00E7E00A /* DictionaryView.swift */ = {isa = PBXFileReference; lastKnownFileType = sourcecode.swift; path = DictionaryView.swift; sourceTree = "<group>"; };
		27B1835F2AB5A84100E7E00A /* DictionaryViewModel.swift */ = {isa = PBXFileReference; lastKnownFileType = sourcecode.swift; path = DictionaryViewModel.swift; sourceTree = "<group>"; };
		27B183612AB5A86900E7E00A /* SplashScreenView.swift */ = {isa = PBXFileReference; lastKnownFileType = sourcecode.swift; path = SplashScreenView.swift; sourceTree = "<group>"; };
		27B183632AB5BE9400E7E00A /* UserModel.swift */ = {isa = PBXFileReference; lastKnownFileType = sourcecode.swift; path = UserModel.swift; sourceTree = "<group>"; };
		27C009AB2AADB4E30053BF6A /* SignUpView.swift */ = {isa = PBXFileReference; lastKnownFileType = sourcecode.swift; path = SignUpView.swift; sourceTree = "<group>"; };
		27C009B22AADC27D0053BF6A /* GoogleService-Info.plist */ = {isa = PBXFileReference; fileEncoding = 4; lastKnownFileType = text.plist.xml; path = "GoogleService-Info.plist"; sourceTree = "<group>"; };
		27D213432AAC15B500E91149 /* Dictionary23am.app */ = {isa = PBXFileReference; explicitFileType = wrapper.application; includeInIndex = 0; path = Dictionary23am.app; sourceTree = BUILT_PRODUCTS_DIR; };
		27D213462AAC15B500E91149 /* Dictionary23amApp.swift */ = {isa = PBXFileReference; lastKnownFileType = sourcecode.swift; path = Dictionary23amApp.swift; sourceTree = "<group>"; };
		27D213482AAC15B500E91149 /* ContentView.swift */ = {isa = PBXFileReference; lastKnownFileType = sourcecode.swift; path = ContentView.swift; sourceTree = "<group>"; };
		27D2134A2AAC15B600E91149 /* Assets.xcassets */ = {isa = PBXFileReference; lastKnownFileType = folder.assetcatalog; path = Assets.xcassets; sourceTree = "<group>"; };
		27D2134D2AAC15B600E91149 /* Preview Assets.xcassets */ = {isa = PBXFileReference; lastKnownFileType = folder.assetcatalog; path = "Preview Assets.xcassets"; sourceTree = "<group>"; };
		27F2DF892AB82EF60061E8E0 /* EditProfileSheet.swift */ = {isa = PBXFileReference; lastKnownFileType = sourcecode.swift; path = EditProfileSheet.swift; sourceTree = "<group>"; };
		27F2DF8B2AB859A40061E8E0 /* AddNoteView.swift */ = {isa = PBXFileReference; lastKnownFileType = sourcecode.swift; path = AddNoteView.swift; sourceTree = "<group>"; };
		27F2DF8D2AB859D60061E8E0 /* NoteDetailView.swift */ = {isa = PBXFileReference; lastKnownFileType = sourcecode.swift; path = NoteDetailView.swift; sourceTree = "<group>"; };
		27F2DF912AB85A190061E8E0 /* NoteDetailViewModel.swift */ = {isa = PBXFileReference; lastKnownFileType = sourcecode.swift; path = NoteDetailViewModel.swift; sourceTree = "<group>"; };
		27F2DF932AB85A320061E8E0 /* NoteListView.swift */ = {isa = PBXFileReference; lastKnownFileType = sourcecode.swift; path = NoteListView.swift; sourceTree = "<group>"; };
		27F2DF952AB85A7E0061E8E0 /* NoteListViewModel.swift */ = {isa = PBXFileReference; lastKnownFileType = sourcecode.swift; path = NoteListViewModel.swift; sourceTree = "<group>"; };
		27F2DF972AB85A900061E8E0 /* NoteModel.swift */ = {isa = PBXFileReference; lastKnownFileType = sourcecode.swift; path = NoteModel.swift; sourceTree = "<group>"; };
		27F2DF992AB85AA40061E8E0 /* NoteRowView.swift */ = {isa = PBXFileReference; lastKnownFileType = sourcecode.swift; path = NoteRowView.swift; sourceTree = "<group>"; };
		27F2DF9B2AB85ABB0061E8E0 /* NoteStatus.swift */ = {isa = PBXFileReference; lastKnownFileType = sourcecode.swift; path = NoteStatus.swift; sourceTree = "<group>"; };
		27F2DF9D2AB85ADD0061E8E0 /* ViewModel.swift */ = {isa = PBXFileReference; lastKnownFileType = sourcecode.swift; path = ViewModel.swift; sourceTree = "<group>"; };
/* End PBXFileReference section */

/* Begin PBXFrameworksBuildPhase section */
		27D213402AAC15B500E91149 /* Frameworks */ = {
			isa = PBXFrameworksBuildPhase;
			buildActionMask = 2147483647;
			files = (
				27C009AF2AADBEC80053BF6A /* FirebaseAuth in Frameworks */,
				27C009B12AADBEC80053BF6A /* FirebaseFirestore in Frameworks */,
				2781935B2ABDEC5B00DB2FE2 /* FirebaseStorage in Frameworks */,
			);
			runOnlyForDeploymentPostprocessing = 0;
		};
/* End PBXFrameworksBuildPhase section */

/* Begin PBXGroup section */
		278193592ABDEC5B00DB2FE2 /* Frameworks */ = {
			isa = PBXGroup;
			children = (
			);
			name = Frameworks;
			sourceTree = "<group>";
		};
		2781935C2ABE07C100DB2FE2 /* Sheets */ = {
			isa = PBXGroup;
			children = (
				2755304F2ABAB1B6000B5999 /* ResetPasswordSheet.swift */,
				27F2DF892AB82EF60061E8E0 /* EditProfileSheet.swift */,
			);
			path = Sheets;
			sourceTree = "<group>";
		};
		27D2133A2AAC15B500E91149 = {
			isa = PBXGroup;
			children = (
				27D213452AAC15B500E91149 /* Dictionary23am */,
				27D213442AAC15B500E91149 /* Products */,
				278193592ABDEC5B00DB2FE2 /* Frameworks */,
			);
			sourceTree = "<group>";
		};
		27D213442AAC15B500E91149 /* Products */ = {
			isa = PBXGroup;
			children = (
				27D213432AAC15B500E91149 /* Dictionary23am.app */,
			);
			name = Products;
			sourceTree = "<group>";
		};
		27D213452AAC15B500E91149 /* Dictionary23am */ = {
			isa = PBXGroup;
			children = (
				275530512ABADD91000B5999 /* Info.plist */,
				27D213572AAC15D800E91149 /* Model */,
				27D213562AAC15D300E91149 /* ViewModel */,
				27D213542AAC15C700E91149 /* Views */,
				2781935C2ABE07C100DB2FE2 /* Sheets */,
				27D213462AAC15B500E91149 /* Dictionary23amApp.swift */,
				27D213482AAC15B500E91149 /* ContentView.swift */,
				27D2134A2AAC15B600E91149 /* Assets.xcassets */,
				27C009B22AADC27D0053BF6A /* GoogleService-Info.plist */,
				27D2134C2AAC15B600E91149 /* Preview Content */,
			);
			path = Dictionary23am;
			sourceTree = "<group>";
		};
		27D2134C2AAC15B600E91149 /* Preview Content */ = {
			isa = PBXGroup;
			children = (
				27D2134D2AAC15B600E91149 /* Preview Assets.xcassets */,
			);
			path = "Preview Content";
			sourceTree = "<group>";
		};
		27D213542AAC15C700E91149 /* Views */ = {
			isa = PBXGroup;
			children = (
				27B183612AB5A86900E7E00A /* SplashScreenView.swift */,
				27C009AB2AADB4E30053BF6A /* SignUpView.swift */,
				273F62992AB4B9330059CC09 /* LoginView.swift */,
				27B183572AB5A58A00E7E00A /* CustomTabBar.swift */,
				27B1835D2AB5A6DE00E7E00A /* DictionaryView.swift */,
				273F62972AB4A5690059CC09 /* ProfileView.swift */,
				27F2DF8B2AB859A40061E8E0 /* AddNoteView.swift */,
				27F2DF8D2AB859D60061E8E0 /* NoteDetailView.swift */,
				27F2DF932AB85A320061E8E0 /* NoteListView.swift */,
				27F2DF992AB85AA40061E8E0 /* NoteRowView.swift */,
			);
			path = Views;
			sourceTree = "<group>";
		};
		27D213562AAC15D300E91149 /* ViewModel */ = {
			isa = PBXGroup;
			children = (
				27B1835F2AB5A84100E7E00A /* DictionaryViewModel.swift */,
				273290422AB6A2E9005B9EE9 /* UserViewModel.swift */,
				27F2DF912AB85A190061E8E0 /* NoteDetailViewModel.swift */,
				27F2DF952AB85A7E0061E8E0 /* NoteListViewModel.swift */,
				275530522ABAE268000B5999 /* LoginViewModel.swift */,
				275530542ABAE2E0000B5999 /* SignUpViewModel.swift */,
			);
			path = ViewModel;
			sourceTree = "<group>";
		};
		27D213572AAC15D800E91149 /* Model */ = {
			isa = PBXGroup;
			children = (
				27B1835B2AB5A6B900E7E00A /* DictionaryModel.swift */,
				27B183632AB5BE9400E7E00A /* UserModel.swift */,
				27F2DF972AB85A900061E8E0 /* NoteModel.swift */,
				27F2DF9D2AB85ADD0061E8E0 /* ViewModel.swift */,
				27F2DF9B2AB85ABB0061E8E0 /* NoteStatus.swift */,
				278193572ABDE93D00DB2FE2 /* ImagePicker.swift */,
			);
			path = Model;
			sourceTree = "<group>";
		};
/* End PBXGroup section */

/* Begin PBXNativeTarget section */
		27D213422AAC15B500E91149 /* Dictionary23am */ = {
			isa = PBXNativeTarget;
			buildConfigurationList = 27D213512AAC15B600E91149 /* Build configuration list for PBXNativeTarget "Dictionary23am" */;
			buildPhases = (
				27D2133F2AAC15B500E91149 /* Sources */,
				27D213402AAC15B500E91149 /* Frameworks */,
				27D213412AAC15B500E91149 /* Resources */,
			);
			buildRules = (
			);
			dependencies = (
			);
			name = Dictionary23am;
			packageProductDependencies = (
				27C009AE2AADBEC80053BF6A /* FirebaseAuth */,
				27C009B02AADBEC80053BF6A /* FirebaseFirestore */,
				2781935A2ABDEC5B00DB2FE2 /* FirebaseStorage */,
			);
			productName = Dictionary23am;
			productReference = 27D213432AAC15B500E91149 /* Dictionary23am.app */;
			productType = "com.apple.product-type.application";
		};
/* End PBXNativeTarget section */

/* Begin PBXProject section */
		27D2133B2AAC15B500E91149 /* Project object */ = {
			isa = PBXProject;
			attributes = {
				BuildIndependentTargetsInParallel = 1;
				LastSwiftUpdateCheck = 1430;
				LastUpgradeCheck = 1430;
				TargetAttributes = {
					27D213422AAC15B500E91149 = {
						CreatedOnToolsVersion = 14.3.1;
					};
				};
			};
			buildConfigurationList = 27D2133E2AAC15B500E91149 /* Build configuration list for PBXProject "Dictionary23am" */;
			compatibilityVersion = "Xcode 14.0";
			developmentRegion = en;
			hasScannedForEncodings = 0;
			knownRegions = (
				en,
				Base,
			);
			mainGroup = 27D2133A2AAC15B500E91149;
			packageReferences = (
				27C009AD2AADBEC80053BF6A /* XCRemoteSwiftPackageReference "firebase-ios-sdk" */,
			);
			productRefGroup = 27D213442AAC15B500E91149 /* Products */;
			projectDirPath = "";
			projectRoot = "";
			targets = (
				27D213422AAC15B500E91149 /* Dictionary23am */,
			);
		};
/* End PBXProject section */

/* Begin PBXResourcesBuildPhase section */
		27D213412AAC15B500E91149 /* Resources */ = {
			isa = PBXResourcesBuildPhase;
			buildActionMask = 2147483647;
			files = (
				27D2134E2AAC15B600E91149 /* Preview Assets.xcassets in Resources */,
				27D2134B2AAC15B600E91149 /* Assets.xcassets in Resources */,
				27C009B32AADC27D0053BF6A /* GoogleService-Info.plist in Resources */,
			);
			runOnlyForDeploymentPostprocessing = 0;
		};
/* End PBXResourcesBuildPhase section */

/* Begin PBXSourcesBuildPhase section */
		27D2133F2AAC15B500E91149 /* Sources */ = {
			isa = PBXSourcesBuildPhase;
			buildActionMask = 2147483647;
			files = (
				27F2DF942AB85A320061E8E0 /* NoteListView.swift in Sources */,
				27F2DF9C2AB85ABB0061E8E0 /* NoteStatus.swift in Sources */,
				27B1835E2AB5A6DE00E7E00A /* DictionaryView.swift in Sources */,
				273290432AB6A2E9005B9EE9 /* UserViewModel.swift in Sources */,
				27F2DF8A2AB82EF60061E8E0 /* EditProfileSheet.swift in Sources */,
				27D213492AAC15B500E91149 /* ContentView.swift in Sources */,
				27B1835C2AB5A6B900E7E00A /* DictionaryModel.swift in Sources */,
				27B183602AB5A84100E7E00A /* DictionaryViewModel.swift in Sources */,
				27F2DF8E2AB859D60061E8E0 /* NoteDetailView.swift in Sources */,
				27F2DF962AB85A7E0061E8E0 /* NoteListViewModel.swift in Sources */,
				27F2DF982AB85A900061E8E0 /* NoteModel.swift in Sources */,
				273F62982AB4A5690059CC09 /* ProfileView.swift in Sources */,
				27C009AC2AADB4E30053BF6A /* SignUpView.swift in Sources */,
				278193582ABDE93D00DB2FE2 /* ImagePicker.swift in Sources */,
				27F2DF922AB85A190061E8E0 /* NoteDetailViewModel.swift in Sources */,
				27F2DF9E2AB85ADD0061E8E0 /* ViewModel.swift in Sources */,
				273F629A2AB4B9330059CC09 /* LoginView.swift in Sources */,
				27B183622AB5A86900E7E00A /* SplashScreenView.swift in Sources */,
				27B183582AB5A58A00E7E00A /* CustomTabBar.swift in Sources */,
				27D213472AAC15B500E91149 /* Dictionary23amApp.swift in Sources */,
				27F2DF9A2AB85AA40061E8E0 /* NoteRowView.swift in Sources */,
				275530532ABAE268000B5999 /* LoginViewModel.swift in Sources */,
				275530502ABAB1B6000B5999 /* ResetPasswordSheet.swift in Sources */,
				275530552ABAE2E0000B5999 /* SignUpViewModel.swift in Sources */,
				27F2DF8C2AB859A40061E8E0 /* AddNoteView.swift in Sources */,
				27B183642AB5BE9400E7E00A /* UserModel.swift in Sources */,
			);
			runOnlyForDeploymentPostprocessing = 0;
		};
/* End PBXSourcesBuildPhase section */

/* Begin XCBuildConfiguration section */
		27D2134F2AAC15B600E91149 /* Debug */ = {
			isa = XCBuildConfiguration;
			buildSettings = {
				ALWAYS_SEARCH_USER_PATHS = NO;
				CLANG_ANALYZER_NONNULL = YES;
				CLANG_ANALYZER_NUMBER_OBJECT_CONVERSION = YES_AGGRESSIVE;
				CLANG_CXX_LANGUAGE_STANDARD = "gnu++20";
				CLANG_ENABLE_MODULES = YES;
				CLANG_ENABLE_OBJC_ARC = YES;
				CLANG_ENABLE_OBJC_WEAK = YES;
				CLANG_WARN_BLOCK_CAPTURE_AUTORELEASING = YES;
				CLANG_WARN_BOOL_CONVERSION = YES;
				CLANG_WARN_COMMA = YES;
				CLANG_WARN_CONSTANT_CONVERSION = YES;
				CLANG_WARN_DEPRECATED_OBJC_IMPLEMENTATIONS = YES;
				CLANG_WARN_DIRECT_OBJC_ISA_USAGE = YES_ERROR;
				CLANG_WARN_DOCUMENTATION_COMMENTS = YES;
				CLANG_WARN_EMPTY_BODY = YES;
				CLANG_WARN_ENUM_CONVERSION = YES;
				CLANG_WARN_INFINITE_RECURSION = YES;
				CLANG_WARN_INT_CONVERSION = YES;
				CLANG_WARN_NON_LITERAL_NULL_CONVERSION = YES;
				CLANG_WARN_OBJC_IMPLICIT_RETAIN_SELF = YES;
				CLANG_WARN_OBJC_LITERAL_CONVERSION = YES;
				CLANG_WARN_OBJC_ROOT_CLASS = YES_ERROR;
				CLANG_WARN_QUOTED_INCLUDE_IN_FRAMEWORK_HEADER = YES;
				CLANG_WARN_RANGE_LOOP_ANALYSIS = YES;
				CLANG_WARN_STRICT_PROTOTYPES = YES;
				CLANG_WARN_SUSPICIOUS_MOVE = YES;
				CLANG_WARN_UNGUARDED_AVAILABILITY = YES_AGGRESSIVE;
				CLANG_WARN_UNREACHABLE_CODE = YES;
				CLANG_WARN__DUPLICATE_METHOD_MATCH = YES;
				COPY_PHASE_STRIP = NO;
				DEBUG_INFORMATION_FORMAT = dwarf;
				ENABLE_STRICT_OBJC_MSGSEND = YES;
				ENABLE_TESTABILITY = YES;
				GCC_C_LANGUAGE_STANDARD = gnu11;
				GCC_DYNAMIC_NO_PIC = NO;
				GCC_NO_COMMON_BLOCKS = YES;
				GCC_OPTIMIZATION_LEVEL = 0;
				GCC_PREPROCESSOR_DEFINITIONS = (
					"DEBUG=1",
					"$(inherited)",
				);
				GCC_WARN_64_TO_32_BIT_CONVERSION = YES;
				GCC_WARN_ABOUT_RETURN_TYPE = YES_ERROR;
				GCC_WARN_UNDECLARED_SELECTOR = YES;
				GCC_WARN_UNINITIALIZED_AUTOS = YES_AGGRESSIVE;
				GCC_WARN_UNUSED_FUNCTION = YES;
				GCC_WARN_UNUSED_VARIABLE = YES;
				IPHONEOS_DEPLOYMENT_TARGET = 16.4;
				MTL_ENABLE_DEBUG_INFO = INCLUDE_SOURCE;
				MTL_FAST_MATH = YES;
				ONLY_ACTIVE_ARCH = YES;
				SDKROOT = iphoneos;
				SWIFT_ACTIVE_COMPILATION_CONDITIONS = DEBUG;
				SWIFT_OPTIMIZATION_LEVEL = "-Onone";
			};
			name = Debug;
		};
		27D213502AAC15B600E91149 /* Release */ = {
			isa = XCBuildConfiguration;
			buildSettings = {
				ALWAYS_SEARCH_USER_PATHS = NO;
				CLANG_ANALYZER_NONNULL = YES;
				CLANG_ANALYZER_NUMBER_OBJECT_CONVERSION = YES_AGGRESSIVE;
				CLANG_CXX_LANGUAGE_STANDARD = "gnu++20";
				CLANG_ENABLE_MODULES = YES;
				CLANG_ENABLE_OBJC_ARC = YES;
				CLANG_ENABLE_OBJC_WEAK = YES;
				CLANG_WARN_BLOCK_CAPTURE_AUTORELEASING = YES;
				CLANG_WARN_BOOL_CONVERSION = YES;
				CLANG_WARN_COMMA = YES;
				CLANG_WARN_CONSTANT_CONVERSION = YES;
				CLANG_WARN_DEPRECATED_OBJC_IMPLEMENTATIONS = YES;
				CLANG_WARN_DIRECT_OBJC_ISA_USAGE = YES_ERROR;
				CLANG_WARN_DOCUMENTATION_COMMENTS = YES;
				CLANG_WARN_EMPTY_BODY = YES;
				CLANG_WARN_ENUM_CONVERSION = YES;
				CLANG_WARN_INFINITE_RECURSION = YES;
				CLANG_WARN_INT_CONVERSION = YES;
				CLANG_WARN_NON_LITERAL_NULL_CONVERSION = YES;
				CLANG_WARN_OBJC_IMPLICIT_RETAIN_SELF = YES;
				CLANG_WARN_OBJC_LITERAL_CONVERSION = YES;
				CLANG_WARN_OBJC_ROOT_CLASS = YES_ERROR;
				CLANG_WARN_QUOTED_INCLUDE_IN_FRAMEWORK_HEADER = YES;
				CLANG_WARN_RANGE_LOOP_ANALYSIS = YES;
				CLANG_WARN_STRICT_PROTOTYPES = YES;
				CLANG_WARN_SUSPICIOUS_MOVE = YES;
				CLANG_WARN_UNGUARDED_AVAILABILITY = YES_AGGRESSIVE;
				CLANG_WARN_UNREACHABLE_CODE = YES;
				CLANG_WARN__DUPLICATE_METHOD_MATCH = YES;
				COPY_PHASE_STRIP = NO;
				DEBUG_INFORMATION_FORMAT = "dwarf-with-dsym";
				ENABLE_NS_ASSERTIONS = NO;
				ENABLE_STRICT_OBJC_MSGSEND = YES;
				GCC_C_LANGUAGE_STANDARD = gnu11;
				GCC_NO_COMMON_BLOCKS = YES;
				GCC_WARN_64_TO_32_BIT_CONVERSION = YES;
				GCC_WARN_ABOUT_RETURN_TYPE = YES_ERROR;
				GCC_WARN_UNDECLARED_SELECTOR = YES;
				GCC_WARN_UNINITIALIZED_AUTOS = YES_AGGRESSIVE;
				GCC_WARN_UNUSED_FUNCTION = YES;
				GCC_WARN_UNUSED_VARIABLE = YES;
				IPHONEOS_DEPLOYMENT_TARGET = 16.4;
				MTL_ENABLE_DEBUG_INFO = NO;
				MTL_FAST_MATH = YES;
				SDKROOT = iphoneos;
				SWIFT_COMPILATION_MODE = wholemodule;
				SWIFT_OPTIMIZATION_LEVEL = "-O";
				VALIDATE_PRODUCT = YES;
			};
			name = Release;
		};
		27D213522AAC15B600E91149 /* Debug */ = {
			isa = XCBuildConfiguration;
			buildSettings = {
				ASSETCATALOG_COMPILER_APPICON_NAME = AppIcon;
				ASSETCATALOG_COMPILER_GLOBAL_ACCENT_COLOR_NAME = AccentColor;
				CODE_SIGN_STYLE = Automatic;
				CURRENT_PROJECT_VERSION = 1;
				DEVELOPMENT_ASSET_PATHS = "\"Dictionary23am/Preview Content\"";
				DEVELOPMENT_TEAM = "";
				ENABLE_PREVIEWS = YES;
				GENERATE_INFOPLIST_FILE = YES;
				INFOPLIST_FILE = Dictionary23am/Info.plist;
				INFOPLIST_KEY_NSFaceIDUsageDescription = "Faceid feature";
				INFOPLIST_KEY_UIApplicationSceneManifest_Generation = YES;
				INFOPLIST_KEY_UIApplicationSupportsIndirectInputEvents = YES;
				INFOPLIST_KEY_UILaunchScreen_Generation = YES;
				INFOPLIST_KEY_UISupportedInterfaceOrientations_iPad = "UIInterfaceOrientationPortrait UIInterfaceOrientationPortraitUpsideDown UIInterfaceOrientationLandscapeLeft UIInterfaceOrientationLandscapeRight";
				INFOPLIST_KEY_UISupportedInterfaceOrientations_iPhone = "UIInterfaceOrientationPortrait UIInterfaceOrientationLandscapeLeft UIInterfaceOrientationLandscapeRight";
				LD_RUNPATH_SEARCH_PATHS = (
					"$(inherited)",
					"@executable_path/Frameworks",
				);
				MARKETING_VERSION = 1.0;
				PRODUCT_BUNDLE_IDENTIFIER = myself.Dictionary23am;
				PRODUCT_NAME = "$(TARGET_NAME)";
				SWIFT_EMIT_LOC_STRINGS = YES;
				SWIFT_VERSION = 5.0;
				TARGETED_DEVICE_FAMILY = "1,2";
			};
			name = Debug;
		};
		27D213532AAC15B600E91149 /* Release */ = {
			isa = XCBuildConfiguration;
			buildSettings = {
				ASSETCATALOG_COMPILER_APPICON_NAME = AppIcon;
				ASSETCATALOG_COMPILER_GLOBAL_ACCENT_COLOR_NAME = AccentColor;
				CODE_SIGN_STYLE = Automatic;
				CURRENT_PROJECT_VERSION = 1;
				DEVELOPMENT_ASSET_PATHS = "\"Dictionary23am/Preview Content\"";
				DEVELOPMENT_TEAM = "";
				ENABLE_PREVIEWS = YES;
				GENERATE_INFOPLIST_FILE = YES;
				INFOPLIST_FILE = Dictionary23am/Info.plist;
				INFOPLIST_KEY_NSFaceIDUsageDescription = "Faceid feature";
				INFOPLIST_KEY_UIApplicationSceneManifest_Generation = YES;
				INFOPLIST_KEY_UIApplicationSupportsIndirectInputEvents = YES;
				INFOPLIST_KEY_UILaunchScreen_Generation = YES;
				INFOPLIST_KEY_UISupportedInterfaceOrientations_iPad = "UIInterfaceOrientationPortrait UIInterfaceOrientationPortraitUpsideDown UIInterfaceOrientationLandscapeLeft UIInterfaceOrientationLandscapeRight";
				INFOPLIST_KEY_UISupportedInterfaceOrientations_iPhone = "UIInterfaceOrientationPortrait UIInterfaceOrientationLandscapeLeft UIInterfaceOrientationLandscapeRight";
				LD_RUNPATH_SEARCH_PATHS = (
					"$(inherited)",
					"@executable_path/Frameworks",
				);
				MARKETING_VERSION = 1.0;
				PRODUCT_BUNDLE_IDENTIFIER = myself.Dictionary23am;
				PRODUCT_NAME = "$(TARGET_NAME)";
				SWIFT_EMIT_LOC_STRINGS = YES;
				SWIFT_VERSION = 5.0;
				TARGETED_DEVICE_FAMILY = "1,2";
			};
			name = Release;
		};
/* End XCBuildConfiguration section */

/* Begin XCConfigurationList section */
		27D2133E2AAC15B500E91149 /* Build configuration list for PBXProject "Dictionary23am" */ = {
			isa = XCConfigurationList;
			buildConfigurations = (
				27D2134F2AAC15B600E91149 /* Debug */,
				27D213502AAC15B600E91149 /* Release */,
			);
			defaultConfigurationIsVisible = 0;
			defaultConfigurationName = Release;
		};
		27D213512AAC15B600E91149 /* Build configuration list for PBXNativeTarget "Dictionary23am" */ = {
			isa = XCConfigurationList;
			buildConfigurations = (
				27D213522AAC15B600E91149 /* Debug */,
				27D213532AAC15B600E91149 /* Release */,
			);
			defaultConfigurationIsVisible = 0;
			defaultConfigurationName = Release;
		};
/* End XCConfigurationList section */

/* Begin XCRemoteSwiftPackageReference section */
		27C009AD2AADBEC80053BF6A /* XCRemoteSwiftPackageReference "firebase-ios-sdk" */ = {
			isa = XCRemoteSwiftPackageReference;
			repositoryURL = "https://github.com/firebase/firebase-ios-sdk.git";
			requirement = {
				kind = upToNextMajorVersion;
				minimumVersion = 10.0.0;
			};
		};
/* End XCRemoteSwiftPackageReference section */

/* Begin XCSwiftPackageProductDependency section */
		2781935A2ABDEC5B00DB2FE2 /* FirebaseStorage */ = {
			isa = XCSwiftPackageProductDependency;
			package = 27C009AD2AADBEC80053BF6A /* XCRemoteSwiftPackageReference "firebase-ios-sdk" */;
			productName = FirebaseStorage;
		};
		27C009AE2AADBEC80053BF6A /* FirebaseAuth */ = {
			isa = XCSwiftPackageProductDependency;
			package = 27C009AD2AADBEC80053BF6A /* XCRemoteSwiftPackageReference "firebase-ios-sdk" */;
			productName = FirebaseAuth;
		};
		27C009B02AADBEC80053BF6A /* FirebaseFirestore */ = {
			isa = XCSwiftPackageProductDependency;
			package = 27C009AD2AADBEC80053BF6A /* XCRemoteSwiftPackageReference "firebase-ios-sdk" */;
			productName = FirebaseFirestore;
		};
/* End XCSwiftPackageProductDependency section */
	};
	rootObject = 27D2133B2AAC15B500E91149 /* Project object */;
}
